PODS:
  - FBSnapshotTestCase (2.1.4):
    - FBSnapshotTestCase/SwiftSupport (= 2.1.4)
  - FBSnapshotTestCase/Core (2.1.4)
  - FBSnapshotTestCase/SwiftSupport (2.1.4):
    - FBSnapshotTestCase/Core
  - SnapKit (4.2.0)
  - SwiftUINow (0.1.0):
    - SnapKit

DEPENDENCIES:
  - FBSnapshotTestCase (~> 2.1.4)
  - SwiftUINow (from `../`)

SPEC REPOS:
  https://github.com/cocoapods/specs.git:
    - FBSnapshotTestCase
    - SnapKit

EXTERNAL SOURCES:
  SwiftUINow:
    :path: "../"

SPEC CHECKSUMS:
  FBSnapshotTestCase: 094f9f314decbabe373b87cc339bea235a63e07a
  SnapKit: fe8a619752f3f27075cc9a90244d75c6c3f27e2a
  SwiftUINow: f981e497b1f5f3c435421bdb0efee6aeaccac914

PODFILE CHECKSUM: 18545636f5a1cdc317fc041a943bdee6d1a22603

COCOAPODS: 1.7.1
